
Microsoft Visual Studio Solution File, Format Version 12.00
# Visual Studio Version 17
VisualStudioVersion = 17.9.34607.119
MinimumVisualStudioVersion = 10.0.40219.1
Project("{FAE04EC0-301F-11D3-BF4B-00C04F79EFBC}") = "userDataGeneration", "userDataGeneration\userDataGeneration.csproj", "{49AF117D-95C5-4971-86D5-B5C9C29C741B}"
EndProject
Global
	GlobalSection(SolutionConfigurationPlatforms) = preSolution
		Debug|Any CPU = Debug|Any CPU
		Release|Any CPU = Release|Any CPU
	EndGlobalSection
	GlobalSection(ProjectConfigurationPlatforms) = postSolution
		{49AF117D-95C5-4971-86D5-B5C9C29C741B}.Debug|Any CPU.ActiveCfg = Debug|Any CPU
		{49AF117D-95C5-4971-86D5-B5C9C29C741B}.Debug|Any CPU.Build.0 = Debug|Any CPU
		{49AF117D-95C5-4971-86D5-B5C9C29C741B}.Release|Any CPU.ActiveCfg = Release|Any CPU
		{49AF117D-95C5-4971-86D5-B5C9C29C741B}.Release|Any CPU.Build.0 = Release|Any CPU
	EndGlobalSection
	GlobalSection(SolutionProperties) = preSolution
		HideSolutionNode = FALSE
	EndGlobalSection
	GlobalSection(ExtensibilityGlobals) = postSolution
		SolutionGuid = {286E99A2-DC68-408E-BF92-5B6742FCB4BA}
	EndGlobalSection
EndGlobal
